
Microsoft Visual Studio Solution File, Format Version 12.00
# Visual Studio 14
VisualStudioVersion = 14.0.25420.1
MinimumVisualStudioVersion = 10.0.40219.1
Project("{FAE04EC0-301F-11D3-BF4B-00C04F79EFBC}") = "CustomerSiteLocation.API", "CustomerSiteLocation.API\CustomerSiteLocation.API.csproj", "{ED093464-2E11-4E96-816A-05EDA0D4233B}"
EndProject
Project("{FAE04EC0-301F-11D3-BF4B-00C04F79EFBC}") = "CustomerSiteLocation.BusinessLayer", "CustomerSiteLocation.BusinessLayer\CustomerSiteLocation.BusinessLayer.csproj", "{6893DA0F-5DC7-4B5A-BED7-AFB35AF62674}"
EndProject
Project("{FAE04EC0-301F-11D3-BF4B-00C04F79EFBC}") = "CustomerSiteLocation.Common", "CustomerSiteLocation.Common\CustomerSiteLocation.Common.csproj", "{A057A00A-D2AF-48E9-B6E9-8F2B1FC63236}"
EndProject
Project("{FAE04EC0-301F-11D3-BF4B-00C04F79EFBC}") = "CustomerSiteLocation.DataLayer", "CustomerSiteLocation.DataLayer\CustomerSiteLocation.DataLayer.csproj", "{D827A9C8-0BAF-4A5D-B411-88BD904DCE30}"
EndProject
Project("{FAE04EC0-301F-11D3-BF4B-00C04F79EFBC}") = "CustomerSiteLocation.Model", "CustomerSiteLocation.Model\CustomerSiteLocation.Model.csproj", "{8D9BA368-1BBF-41A9-8ACF-D1A9B4AA6F0D}"
EndProject
Project("{FAE04EC0-301F-11D3-BF4B-00C04F79EFBC}") = "CustomerSiteLocation.LoadTest", "CustomerSiteLocation.LoadTest\CustomerSiteLocation.LoadTest.csproj", "{5D76A149-891D-4EC2-A59A-6E3B4EA0C6BA}"
EndProject
Project("{2150E333-8FDC-42A3-9474-1A3956D46DE8}") = "Solution Items", "Solution Items", "{44A41BB2-86AD-44C3-9578-7BD2BC4B27CC}"
EndProject
Project("{FAE04EC0-301F-11D3-BF4B-00C04F79EFBC}") = "CustomerSiteLocation.UnitTest", "CustomerSiteLocation.UnitTest\CustomerSiteLocation.UnitTest.csproj", "{29824184-F49E-4B80-AB37-036740DA9170}"
EndProject
Project("{A07B5EB6-E848-4116-A8D0-A826331D98C6}") = "CustomerSiteLocation", "CustomerSiteLocation\CustomerSiteLocation.sfproj", "{C92AB56A-E02C-499A-847A-D82A5B59A0FE}"
EndProject
Global
	GlobalSection(SolutionConfigurationPlatforms) = preSolution
		Debug|Any CPU = Debug|Any CPU
		Debug|x64 = Debug|x64
		Release|Any CPU = Release|Any CPU
		Release|x64 = Release|x64
	EndGlobalSection
	GlobalSection(ProjectConfigurationPlatforms) = postSolution
		{ED093464-2E11-4E96-816A-05EDA0D4233B}.Debug|Any CPU.ActiveCfg = Debug|x64
		{ED093464-2E11-4E96-816A-05EDA0D4233B}.Debug|Any CPU.Build.0 = Debug|x64
		{ED093464-2E11-4E96-816A-05EDA0D4233B}.Debug|x64.ActiveCfg = Debug|x64
		{ED093464-2E11-4E96-816A-05EDA0D4233B}.Debug|x64.Build.0 = Debug|x64
		{ED093464-2E11-4E96-816A-05EDA0D4233B}.Release|Any CPU.ActiveCfg = Release|x64
		{ED093464-2E11-4E96-816A-05EDA0D4233B}.Release|x64.ActiveCfg = Release|x64
		{ED093464-2E11-4E96-816A-05EDA0D4233B}.Release|x64.Build.0 = Release|x64
		{6893DA0F-5DC7-4B5A-BED7-AFB35AF62674}.Debug|Any CPU.ActiveCfg = Debug|Any CPU
		{6893DA0F-5DC7-4B5A-BED7-AFB35AF62674}.Debug|Any CPU.Build.0 = Debug|Any CPU
		{6893DA0F-5DC7-4B5A-BED7-AFB35AF62674}.Debug|x64.ActiveCfg = Debug|Any CPU
		{6893DA0F-5DC7-4B5A-BED7-AFB35AF62674}.Debug|x64.Build.0 = Debug|Any CPU
		{6893DA0F-5DC7-4B5A-BED7-AFB35AF62674}.Release|Any CPU.ActiveCfg = Release|Any CPU
		{6893DA0F-5DC7-4B5A-BED7-AFB35AF62674}.Release|Any CPU.Build.0 = Release|Any CPU
		{6893DA0F-5DC7-4B5A-BED7-AFB35AF62674}.Release|x64.ActiveCfg = Release|Any CPU
		{6893DA0F-5DC7-4B5A-BED7-AFB35AF62674}.Release|x64.Build.0 = Release|Any CPU
		{A057A00A-D2AF-48E9-B6E9-8F2B1FC63236}.Debug|Any CPU.ActiveCfg = Debug|Any CPU
		{A057A00A-D2AF-48E9-B6E9-8F2B1FC63236}.Debug|Any CPU.Build.0 = Debug|Any CPU
		{A057A00A-D2AF-48E9-B6E9-8F2B1FC63236}.Debug|x64.ActiveCfg = Debug|Any CPU
		{A057A00A-D2AF-48E9-B6E9-8F2B1FC63236}.Debug|x64.Build.0 = Debug|Any CPU
		{A057A00A-D2AF-48E9-B6E9-8F2B1FC63236}.Release|Any CPU.ActiveCfg = Release|Any CPU
		{A057A00A-D2AF-48E9-B6E9-8F2B1FC63236}.Release|Any CPU.Build.0 = Release|Any CPU
		{A057A00A-D2AF-48E9-B6E9-8F2B1FC63236}.Release|x64.ActiveCfg = Release|Any CPU
		{A057A00A-D2AF-48E9-B6E9-8F2B1FC63236}.Release|x64.Build.0 = Release|Any CPU
		{D827A9C8-0BAF-4A5D-B411-88BD904DCE30}.Debug|Any CPU.ActiveCfg = Debug|Any CPU
		{D827A9C8-0BAF-4A5D-B411-88BD904DCE30}.Debug|Any CPU.Build.0 = Debug|Any CPU
		{D827A9C8-0BAF-4A5D-B411-88BD904DCE30}.Debug|x64.ActiveCfg = Debug|Any CPU
		{D827A9C8-0BAF-4A5D-B411-88BD904DCE30}.Debug|x64.Build.0 = Debug|Any CPU
		{D827A9C8-0BAF-4A5D-B411-88BD904DCE30}.Release|Any CPU.ActiveCfg = Release|Any CPU
		{D827A9C8-0BAF-4A5D-B411-88BD904DCE30}.Release|Any CPU.Build.0 = Release|Any CPU
		{D827A9C8-0BAF-4A5D-B411-88BD904DCE30}.Release|x64.ActiveCfg = Release|Any CPU
		{D827A9C8-0BAF-4A5D-B411-88BD904DCE30}.Release|x64.Build.0 = Release|Any CPU
		{8D9BA368-1BBF-41A9-8ACF-D1A9B4AA6F0D}.Debug|Any CPU.ActiveCfg = Debug|Any CPU
		{8D9BA368-1BBF-41A9-8ACF-D1A9B4AA6F0D}.Debug|Any CPU.Build.0 = Debug|Any CPU
		{8D9BA368-1BBF-41A9-8ACF-D1A9B4AA6F0D}.Debug|x64.ActiveCfg = Debug|Any CPU
		{8D9BA368-1BBF-41A9-8ACF-D1A9B4AA6F0D}.Debug|x64.Build.0 = Debug|Any CPU
		{8D9BA368-1BBF-41A9-8ACF-D1A9B4AA6F0D}.Release|Any CPU.ActiveCfg = Release|Any CPU
		{8D9BA368-1BBF-41A9-8ACF-D1A9B4AA6F0D}.Release|Any CPU.Build.0 = Release|Any CPU
		{8D9BA368-1BBF-41A9-8ACF-D1A9B4AA6F0D}.Release|x64.ActiveCfg = Release|Any CPU
		{8D9BA368-1BBF-41A9-8ACF-D1A9B4AA6F0D}.Release|x64.Build.0 = Release|Any CPU
		{5D76A149-891D-4EC2-A59A-6E3B4EA0C6BA}.Debug|Any CPU.ActiveCfg = Debug|Any CPU
		{5D76A149-891D-4EC2-A59A-6E3B4EA0C6BA}.Debug|Any CPU.Build.0 = Debug|Any CPU
		{5D76A149-891D-4EC2-A59A-6E3B4EA0C6BA}.Debug|x64.ActiveCfg = Debug|Any CPU
		{5D76A149-891D-4EC2-A59A-6E3B4EA0C6BA}.Debug|x64.Build.0 = Debug|Any CPU
		{5D76A149-891D-4EC2-A59A-6E3B4EA0C6BA}.Release|Any CPU.ActiveCfg = Release|Any CPU
		{5D76A149-891D-4EC2-A59A-6E3B4EA0C6BA}.Release|Any CPU.Build.0 = Release|Any CPU
		{5D76A149-891D-4EC2-A59A-6E3B4EA0C6BA}.Release|x64.ActiveCfg = Release|Any CPU
		{5D76A149-891D-4EC2-A59A-6E3B4EA0C6BA}.Release|x64.Build.0 = Release|Any CPU
		{29824184-F49E-4B80-AB37-036740DA9170}.Debug|Any CPU.ActiveCfg = Debug|Any CPU
		{29824184-F49E-4B80-AB37-036740DA9170}.Debug|Any CPU.Build.0 = Debug|Any CPU
		{29824184-F49E-4B80-AB37-036740DA9170}.Debug|x64.ActiveCfg = Debug|Any CPU
		{29824184-F49E-4B80-AB37-036740DA9170}.Debug|x64.Build.0 = Debug|Any CPU
		{29824184-F49E-4B80-AB37-036740DA9170}.Release|Any CPU.ActiveCfg = Release|Any CPU
		{29824184-F49E-4B80-AB37-036740DA9170}.Release|Any CPU.Build.0 = Release|Any CPU
		{29824184-F49E-4B80-AB37-036740DA9170}.Release|x64.ActiveCfg = Release|Any CPU
		{29824184-F49E-4B80-AB37-036740DA9170}.Release|x64.Build.0 = Release|Any CPU
		{C92AB56A-E02C-499A-847A-D82A5B59A0FE}.Debug|Any CPU.ActiveCfg = Debug|x64
		{C92AB56A-E02C-499A-847A-D82A5B59A0FE}.Debug|x64.ActiveCfg = Debug|x64
		{C92AB56A-E02C-499A-847A-D82A5B59A0FE}.Debug|x64.Build.0 = Debug|x64
		{C92AB56A-E02C-499A-847A-D82A5B59A0FE}.Debug|x64.Deploy.0 = Debug|x64
		{C92AB56A-E02C-499A-847A-D82A5B59A0FE}.Release|Any CPU.ActiveCfg = Release|x64
		{C92AB56A-E02C-499A-847A-D82A5B59A0FE}.Release|x64.ActiveCfg = Release|x64
		{C92AB56A-E02C-499A-847A-D82A5B59A0FE}.Release|x64.Build.0 = Release|x64
		{C92AB56A-E02C-499A-847A-D82A5B59A0FE}.Release|x64.Deploy.0 = Release|x64
	EndGlobalSection
	GlobalSection(SolutionProperties) = preSolution
		HideSolutionNode = FALSE
	EndGlobalSection
	GlobalSection(ExtensibilityGlobals) = postSolution
		EnterpriseLibraryConfigurationToolBinariesPathV6 = packages\EnterpriseLibrary.Common.6.0.1304.0\lib\NET45;packages\EnterpriseLibrary.Logging.6.0.1304.0\lib\NET45;packages\EnterpriseLibrary.ExceptionHandling.6.0.1304.0\lib\NET45;packages\EnterpriseLibrary.ExceptionHandling.Logging.6.0.1304.0\lib\NET45
	EndGlobalSection
	GlobalSection(TeamFoundationVersionControl) = preSolution
		SccNumberOfProjects = 9
		SccEnterpriseProvider = {4CA58AB2-18FA-4F8D-95D4-32DDF27D184C}
		SccTeamFoundationServer = http://c-mumsm12:8080/tfs/businesssolutions
		SccLocalPath0 = .
		SccProjectUniqueName1 = CustomerSiteLocation.API\\CustomerSiteLocation.API.csproj
		SccProjectName1 = CustomerSiteLocation.API
		SccLocalPath1 = CustomerSiteLocation.API
		SccProjectUniqueName2 = CustomerSiteLocation.BusinessLayer\\CustomerSiteLocation.BusinessLayer.csproj
		SccProjectName2 = CustomerSiteLocation.BusinessLayer
		SccLocalPath2 = CustomerSiteLocation.BusinessLayer
		SccProjectUniqueName3 = CustomerSiteLocation.Common\\CustomerSiteLocation.Common.csproj
		SccProjectName3 = CustomerSiteLocation.Common
		SccLocalPath3 = CustomerSiteLocation.Common
		SccProjectUniqueName4 = CustomerSiteLocation.DataLayer\\CustomerSiteLocation.DataLayer.csproj
		SccProjectName4 = CustomerSiteLocation.DataLayer
		SccLocalPath4 = CustomerSiteLocation.DataLayer
		SccProjectUniqueName5 = CustomerSiteLocation.Model\\CustomerSiteLocation.Model.csproj
		SccProjectName5 = CustomerSiteLocation.Model
		SccLocalPath5 = CustomerSiteLocation.Model
		SccProjectUniqueName6 = CustomerSiteLocation.LoadTest\\CustomerSiteLocation.LoadTest.csproj
		SccProjectName6 = CustomerSiteLocation.LoadTest
		SccLocalPath6 = CustomerSiteLocation.LoadTest
		SccProjectUniqueName7 = CustomerSiteLocation.UnitTest\\CustomerSiteLocation.UnitTest.csproj
		SccProjectName7 = CustomerSiteLocation.UnitTest
		SccLocalPath7 = CustomerSiteLocation.UnitTest
		SccProjectUniqueName8 = CustomerSiteLocation\\CustomerSiteLocation.sfproj
		SccProjectName8 = CustomerSiteLocation
		SccLocalPath8 = CustomerSiteLocation
	EndGlobalSection
EndGlobal
