
Microsoft Visual Studio Solution File, Format Version 12.00
# Visual Studio 14
VisualStudioVersion = 14.0.25420.1
MinimumVisualStudioVersion = 10.0.40219.1
Project("{A07B5EB6-E848-4116-A8D0-A826331D98C6}") = "CustomerProjectOrder", "CustomerProjectOrder\CustomerProjectOrder.sfproj", "{63E8BAFF-3D4C-4958-AC3E-240E571C1CCB}"
EndProject
Project("{FAE04EC0-301F-11D3-BF4B-00C04F79EFBC}") = "CustomerProjectOrder.API", "CustomerProjectOrder.API\CustomerProjectOrder.API.csproj", "{8F348A62-E46E-4C80-A2B6-8D2692204AF1}"
EndProject
Project("{FAE04EC0-301F-11D3-BF4B-00C04F79EFBC}") = "CustomerProjectOrder.BusinessLayer", "CustomerProjectOrder.BusinessLayer\CustomerProjectOrder.BusinessLayer.csproj", "{EB4D18D7-E9F2-4971-A246-DBBD57C04331}"
EndProject
Project("{FAE04EC0-301F-11D3-BF4B-00C04F79EFBC}") = "CustomerProjectOrder.Common", "CustomerProjectOrder.Common\CustomerProjectOrder.Common.csproj", "{EEEA6AEE-88CE-49A7-914C-A3D96CD7F78F}"
EndProject
Project("{FAE04EC0-301F-11D3-BF4B-00C04F79EFBC}") = "CustomerProjectOrder.DataLayer", "CustomerProjectOrder.DataLayer\CustomerProjectOrder.DataLayer.csproj", "{463FB56A-F918-4B01-848B-90FFBAD93CD8}"
EndProject
Project("{FAE04EC0-301F-11D3-BF4B-00C04F79EFBC}") = "CustomerProjectOrder.DataLayerInterface", "CustomerProjectOrder.DataLayerInterface\CustomerProjectOrder.DataLayerInterface.csproj", "{BDED2BE0-5CB7-4C93-ACAD-4A6E0046C6B5}"
EndProject
Project("{FAE04EC0-301F-11D3-BF4B-00C04F79EFBC}") = "CustomerProjectOrder.Model", "CustomerProjectOrder.Model\CustomerProjectOrder.Model.csproj", "{43963BA7-DFD6-445B-A69C-0DCD80BF4F30}"
EndProject
Project("{FAE04EC0-301F-11D3-BF4B-00C04F79EFBC}") = "CustomerProjectOrder.LoadTest", "CustomerProjectOrder.LoadTest\CustomerProjectOrder.LoadTest.csproj", "{4446732E-06D9-4611-952E-F3053DF23737}"
EndProject
Project("{2150E333-8FDC-42A3-9474-1A3956D46DE8}") = "Solution Items", "Solution Items", "{47CC8F21-844F-4ECD-B0DD-197ABB23AA6B}"
	ProjectSection(SolutionItems) = preProject
		Local.testsettings = Local.testsettings
	EndProjectSection
EndProject
Project("{FAE04EC0-301F-11D3-BF4B-00C04F79EFBC}") = "CustomerProjectOrder.UnitTest", "CustomerProjectOrder.UnitTest\CustomerProjectOrder.UnitTest.csproj", "{661BD6FD-69B0-44BF-B3F9-F1DD93C04F2A}"
EndProject
Global
	GlobalSection(SolutionConfigurationPlatforms) = preSolution
		Debug|Any CPU = Debug|Any CPU
		Debug|x64 = Debug|x64
		Release|Any CPU = Release|Any CPU
		Release|x64 = Release|x64
	EndGlobalSection
	GlobalSection(ProjectConfigurationPlatforms) = postSolution
		{63E8BAFF-3D4C-4958-AC3E-240E571C1CCB}.Debug|Any CPU.ActiveCfg = Debug|x64
		{63E8BAFF-3D4C-4958-AC3E-240E571C1CCB}.Debug|Any CPU.Build.0 = Debug|x64
		{63E8BAFF-3D4C-4958-AC3E-240E571C1CCB}.Debug|Any CPU.Deploy.0 = Debug|x64
		{63E8BAFF-3D4C-4958-AC3E-240E571C1CCB}.Debug|x64.ActiveCfg = Debug|x64
		{63E8BAFF-3D4C-4958-AC3E-240E571C1CCB}.Debug|x64.Build.0 = Debug|x64
		{63E8BAFF-3D4C-4958-AC3E-240E571C1CCB}.Debug|x64.Deploy.0 = Debug|x64
		{63E8BAFF-3D4C-4958-AC3E-240E571C1CCB}.Release|Any CPU.ActiveCfg = Release|x64
		{63E8BAFF-3D4C-4958-AC3E-240E571C1CCB}.Release|x64.ActiveCfg = Release|x64
		{63E8BAFF-3D4C-4958-AC3E-240E571C1CCB}.Release|x64.Build.0 = Release|x64
		{63E8BAFF-3D4C-4958-AC3E-240E571C1CCB}.Release|x64.Deploy.0 = Release|x64
		{8F348A62-E46E-4C80-A2B6-8D2692204AF1}.Debug|Any CPU.ActiveCfg = Debug|x64
		{8F348A62-E46E-4C80-A2B6-8D2692204AF1}.Debug|Any CPU.Build.0 = Debug|x64
		{8F348A62-E46E-4C80-A2B6-8D2692204AF1}.Debug|x64.ActiveCfg = Debug|x64
		{8F348A62-E46E-4C80-A2B6-8D2692204AF1}.Debug|x64.Build.0 = Debug|x64
		{8F348A62-E46E-4C80-A2B6-8D2692204AF1}.Release|Any CPU.ActiveCfg = Release|x64
		{8F348A62-E46E-4C80-A2B6-8D2692204AF1}.Release|x64.ActiveCfg = Release|x64
		{8F348A62-E46E-4C80-A2B6-8D2692204AF1}.Release|x64.Build.0 = Release|x64
		{EB4D18D7-E9F2-4971-A246-DBBD57C04331}.Debug|Any CPU.ActiveCfg = Debug|Any CPU
		{EB4D18D7-E9F2-4971-A246-DBBD57C04331}.Debug|Any CPU.Build.0 = Debug|Any CPU
		{EB4D18D7-E9F2-4971-A246-DBBD57C04331}.Debug|x64.ActiveCfg = Debug|Any CPU
		{EB4D18D7-E9F2-4971-A246-DBBD57C04331}.Debug|x64.Build.0 = Debug|Any CPU
		{EB4D18D7-E9F2-4971-A246-DBBD57C04331}.Release|Any CPU.ActiveCfg = Release|Any CPU
		{EB4D18D7-E9F2-4971-A246-DBBD57C04331}.Release|Any CPU.Build.0 = Release|Any CPU
		{EB4D18D7-E9F2-4971-A246-DBBD57C04331}.Release|x64.ActiveCfg = Release|Any CPU
		{EB4D18D7-E9F2-4971-A246-DBBD57C04331}.Release|x64.Build.0 = Release|Any CPU
		{EEEA6AEE-88CE-49A7-914C-A3D96CD7F78F}.Debug|Any CPU.ActiveCfg = Debug|Any CPU
		{EEEA6AEE-88CE-49A7-914C-A3D96CD7F78F}.Debug|Any CPU.Build.0 = Debug|Any CPU
		{EEEA6AEE-88CE-49A7-914C-A3D96CD7F78F}.Debug|x64.ActiveCfg = Debug|Any CPU
		{EEEA6AEE-88CE-49A7-914C-A3D96CD7F78F}.Debug|x64.Build.0 = Debug|Any CPU
		{EEEA6AEE-88CE-49A7-914C-A3D96CD7F78F}.Release|Any CPU.ActiveCfg = Release|Any CPU
		{EEEA6AEE-88CE-49A7-914C-A3D96CD7F78F}.Release|Any CPU.Build.0 = Release|Any CPU
		{EEEA6AEE-88CE-49A7-914C-A3D96CD7F78F}.Release|x64.ActiveCfg = Release|Any CPU
		{EEEA6AEE-88CE-49A7-914C-A3D96CD7F78F}.Release|x64.Build.0 = Release|Any CPU
		{463FB56A-F918-4B01-848B-90FFBAD93CD8}.Debug|Any CPU.ActiveCfg = Debug|Any CPU
		{463FB56A-F918-4B01-848B-90FFBAD93CD8}.Debug|Any CPU.Build.0 = Debug|Any CPU
		{463FB56A-F918-4B01-848B-90FFBAD93CD8}.Debug|x64.ActiveCfg = Debug|Any CPU
		{463FB56A-F918-4B01-848B-90FFBAD93CD8}.Debug|x64.Build.0 = Debug|Any CPU
		{463FB56A-F918-4B01-848B-90FFBAD93CD8}.Release|Any CPU.ActiveCfg = Release|Any CPU
		{463FB56A-F918-4B01-848B-90FFBAD93CD8}.Release|Any CPU.Build.0 = Release|Any CPU
		{463FB56A-F918-4B01-848B-90FFBAD93CD8}.Release|x64.ActiveCfg = Release|Any CPU
		{463FB56A-F918-4B01-848B-90FFBAD93CD8}.Release|x64.Build.0 = Release|Any CPU
		{BDED2BE0-5CB7-4C93-ACAD-4A6E0046C6B5}.Debug|Any CPU.ActiveCfg = Debug|Any CPU
		{BDED2BE0-5CB7-4C93-ACAD-4A6E0046C6B5}.Debug|Any CPU.Build.0 = Debug|Any CPU
		{BDED2BE0-5CB7-4C93-ACAD-4A6E0046C6B5}.Debug|x64.ActiveCfg = Debug|Any CPU
		{BDED2BE0-5CB7-4C93-ACAD-4A6E0046C6B5}.Debug|x64.Build.0 = Debug|Any CPU
		{BDED2BE0-5CB7-4C93-ACAD-4A6E0046C6B5}.Release|Any CPU.ActiveCfg = Release|Any CPU
		{BDED2BE0-5CB7-4C93-ACAD-4A6E0046C6B5}.Release|Any CPU.Build.0 = Release|Any CPU
		{BDED2BE0-5CB7-4C93-ACAD-4A6E0046C6B5}.Release|x64.ActiveCfg = Release|Any CPU
		{BDED2BE0-5CB7-4C93-ACAD-4A6E0046C6B5}.Release|x64.Build.0 = Release|Any CPU
		{43963BA7-DFD6-445B-A69C-0DCD80BF4F30}.Debug|Any CPU.ActiveCfg = Debug|Any CPU
		{43963BA7-DFD6-445B-A69C-0DCD80BF4F30}.Debug|Any CPU.Build.0 = Debug|Any CPU
		{43963BA7-DFD6-445B-A69C-0DCD80BF4F30}.Debug|x64.ActiveCfg = Debug|Any CPU
		{43963BA7-DFD6-445B-A69C-0DCD80BF4F30}.Debug|x64.Build.0 = Debug|Any CPU
		{43963BA7-DFD6-445B-A69C-0DCD80BF4F30}.Release|Any CPU.ActiveCfg = Release|Any CPU
		{43963BA7-DFD6-445B-A69C-0DCD80BF4F30}.Release|Any CPU.Build.0 = Release|Any CPU
		{43963BA7-DFD6-445B-A69C-0DCD80BF4F30}.Release|x64.ActiveCfg = Release|Any CPU
		{43963BA7-DFD6-445B-A69C-0DCD80BF4F30}.Release|x64.Build.0 = Release|Any CPU
		{4446732E-06D9-4611-952E-F3053DF23737}.Debug|Any CPU.ActiveCfg = Debug|Any CPU
		{4446732E-06D9-4611-952E-F3053DF23737}.Debug|Any CPU.Build.0 = Debug|Any CPU
		{4446732E-06D9-4611-952E-F3053DF23737}.Debug|x64.ActiveCfg = Debug|Any CPU
		{4446732E-06D9-4611-952E-F3053DF23737}.Debug|x64.Build.0 = Debug|Any CPU
		{4446732E-06D9-4611-952E-F3053DF23737}.Release|Any CPU.ActiveCfg = Release|Any CPU
		{4446732E-06D9-4611-952E-F3053DF23737}.Release|Any CPU.Build.0 = Release|Any CPU
		{4446732E-06D9-4611-952E-F3053DF23737}.Release|x64.ActiveCfg = Release|Any CPU
		{4446732E-06D9-4611-952E-F3053DF23737}.Release|x64.Build.0 = Release|Any CPU
		{661BD6FD-69B0-44BF-B3F9-F1DD93C04F2A}.Debug|Any CPU.ActiveCfg = Debug|Any CPU
		{661BD6FD-69B0-44BF-B3F9-F1DD93C04F2A}.Debug|Any CPU.Build.0 = Debug|Any CPU
		{661BD6FD-69B0-44BF-B3F9-F1DD93C04F2A}.Debug|x64.ActiveCfg = Debug|Any CPU
		{661BD6FD-69B0-44BF-B3F9-F1DD93C04F2A}.Debug|x64.Build.0 = Debug|Any CPU
		{661BD6FD-69B0-44BF-B3F9-F1DD93C04F2A}.Release|Any CPU.ActiveCfg = Release|Any CPU
		{661BD6FD-69B0-44BF-B3F9-F1DD93C04F2A}.Release|Any CPU.Build.0 = Release|Any CPU
		{661BD6FD-69B0-44BF-B3F9-F1DD93C04F2A}.Release|x64.ActiveCfg = Release|Any CPU
		{661BD6FD-69B0-44BF-B3F9-F1DD93C04F2A}.Release|x64.Build.0 = Release|Any CPU
	EndGlobalSection
	GlobalSection(SolutionProperties) = preSolution
		HideSolutionNode = FALSE
	EndGlobalSection
	GlobalSection(TeamFoundationVersionControl) = preSolution
		SccNumberOfProjects = 10
		SccEnterpriseProvider = {4CA58AB2-18FA-4F8D-95D4-32DDF27D184C}
		SccTeamFoundationServer = http://c-mumsm12.asia.jci.com:8080/tfs/businesssolutions
		SccLocalPath0 = .
		SccProjectUniqueName1 = CustomerProjectOrder.API\\CustomerProjectOrder.API.csproj
		SccProjectName1 = CustomerProjectOrder.API
		SccLocalPath1 = CustomerProjectOrder.API
		SccProjectUniqueName2 = CustomerProjectOrder.BusinessLayer\\CustomerProjectOrder.BusinessLayer.csproj
		SccProjectName2 = CustomerProjectOrder.BusinessLayer
		SccLocalPath2 = CustomerProjectOrder.BusinessLayer
		SccProjectUniqueName3 = CustomerProjectOrder.Common\\CustomerProjectOrder.Common.csproj
		SccProjectName3 = CustomerProjectOrder.Common
		SccLocalPath3 = CustomerProjectOrder.Common
		SccProjectUniqueName4 = CustomerProjectOrder.DataLayer\\CustomerProjectOrder.DataLayer.csproj
		SccProjectName4 = CustomerProjectOrder.DataLayer
		SccLocalPath4 = CustomerProjectOrder.DataLayer
		SccProjectUniqueName5 = CustomerProjectOrder.DataLayerInterface\\CustomerProjectOrder.DataLayerInterface.csproj
		SccProjectName5 = CustomerProjectOrder.DataLayerInterface
		SccLocalPath5 = CustomerProjectOrder.DataLayerInterface
		SccProjectUniqueName6 = CustomerProjectOrder.LoadTest\\CustomerProjectOrder.LoadTest.csproj
		SccProjectName6 = CustomerProjectOrder.LoadTest
		SccLocalPath6 = CustomerProjectOrder.LoadTest
		SccProjectUniqueName7 = CustomerProjectOrder.Model\\CustomerProjectOrder.Model.csproj
		SccProjectName7 = CustomerProjectOrder.Model
		SccLocalPath7 = CustomerProjectOrder.Model
		SccProjectUniqueName8 = CustomerProjectOrder.UnitTest\\CustomerProjectOrder.UnitTest.csproj
		SccProjectName8 = CustomerProjectOrder.UnitTest
		SccLocalPath8 = CustomerProjectOrder.UnitTest
		SccProjectUniqueName9 = CustomerProjectOrder\\CustomerProjectOrder.sfproj
		SccProjectName9 = CustomerProjectOrder
		SccLocalPath9 = CustomerProjectOrder
	EndGlobalSection
EndGlobal
